// !$*UTF8*$!
{
	archiveVersion = 1;
	classes = {
	};
	objectVersion = 77;
	objects = {

/* Begin PBXBuildFile section */
		229595EB7369F8EE19EEF77E /* App.swift in Sources */ = {isa = PBXBuildFile; fileRef = 16BF0786F50D0B92D2E45859 /* App.swift */; };
		4A41632F011D9F217EBA2D5C /* Models.swift in Sources */ = {isa = PBXBuildFile; fileRef = 143EAA58E1B26BC4D8FB3A53 /* Models.swift */; };
		6D599CF24D5B650BEDDCEB00 /* HUD.swift in Sources */ = {isa = PBXBuildFile; fileRef = 1E1D51E1A5F5A5C7ED6CE26A /* HUD.swift */; };
		87AAA41A20EBAC880A9FBEFD /* Garage.swift in Sources */ = {isa = PBXBuildFile; fileRef = B31BE132E32E3BFF567E77EC /* Garage.swift */; };
		B994991AAB82AE590C05D830 /* Results.swift in Sources */ = {isa = PBXBuildFile; fileRef = D33F79F3ACC6AABA224EAEBC /* Results.swift */; };
		C026F22476D8CD4856845789 /* Audio.swift in Sources */ = {isa = PBXBuildFile; fileRef = E6C41C225059FA82F89EADBF /* Audio.swift */; };
		C6EC10C0D15F4393221EC8BF /* World.swift in Sources */ = {isa = PBXBuildFile; fileRef = FFCEA72BA23BCB58E4E86912 /* World.swift */; };
		FFE74FAEC77D981404E6FFD4 /* Theme.swift in Sources */ = {isa = PBXBuildFile; fileRef = FFFFFCF5B3654875F9824ACD /* Theme.swift */; };
/* End PBXBuildFile section */

/* Begin PBXFileReference section */
		143EAA58E1B26BC4D8FB3A53 /* Models.swift */ = {isa = PBXFileReference; lastKnownFileType = sourcecode.swift; path = Models.swift; sourceTree = "<group>"; };
		16BF0786F50D0B92D2E45859 /* App.swift */ = {isa = PBXFileReference; lastKnownFileType = sourcecode.swift; path = App.swift; sourceTree = "<group>"; };
		1E1D51E1A5F5A5C7ED6CE26A /* HUD.swift */ = {isa = PBXFileReference; lastKnownFileType = sourcecode.swift; path = HUD.swift; sourceTree = "<group>"; };
		B31BE132E32E3BFF567E77EC /* Garage.swift */ = {isa = PBXFileReference; lastKnownFileType = sourcecode.swift; path = Garage.swift; sourceTree = "<group>"; };
		D33F79F3ACC6AABA224EAEBC /* Results.swift */ = {isa = PBXFileReference; lastKnownFileType = sourcecode.swift; path = Results.swift; sourceTree = "<group>"; };
		E6C41C225059FA82F89EADBF /* Audio.swift */ = {isa = PBXFileReference; lastKnownFileType = sourcecode.swift; path = Audio.swift; sourceTree = "<group>"; };
		F1C8C920C8D78B76EB48DA7B /* StarcapCircuit.app */ = {isa = PBXFileReference; includeInIndex = 0; lastKnownFileType = wrapper.application; path = StarcapCircuit.app; sourceTree = BUILT_PRODUCTS_DIR; };
		FFCEA72BA23BCB58E4E86912 /* World.swift */ = {isa = PBXFileReference; lastKnownFileType = sourcecode.swift; path = World.swift; sourceTree = "<group>"; };
		FFFFFCF5B3654875F9824ACD /* Theme.swift */ = {isa = PBXFileReference; lastKnownFileType = sourcecode.swift; path = Theme.swift; sourceTree = "<group>"; };
/* End PBXFileReference section */

/* Begin PBXGroup section */
		0B0251ABA5499E953F626AF3 /* Products */ = {
			isa = PBXGroup;
			children = (
				F1C8C920C8D78B76EB48DA7B /* StarcapCircuit.app */,
			);
			name = Products;
			sourceTree = "<group>";
		};
		38BE71DB8046608F85DF0681 = {
			isa = PBXGroup;
			children = (
				CE19602B39B6C0EEA0F5F8FD /* Sources */,
				0B0251ABA5499E953F626AF3 /* Products */,
			);
			sourceTree = "<group>";
		};
		CE19602B39B6C0EEA0F5F8FD /* Sources */ = {
			isa = PBXGroup;
			children = (
				16BF0786F50D0B92D2E45859 /* App.swift */,
				E6C41C225059FA82F89EADBF /* Audio.swift */,
				B31BE132E32E3BFF567E77EC /* Garage.swift */,
				1E1D51E1A5F5A5C7ED6CE26A /* HUD.swift */,
				143EAA58E1B26BC4D8FB3A53 /* Models.swift */,
				D33F79F3ACC6AABA224EAEBC /* Results.swift */,
				FFFFFCF5B3654875F9824ACD /* Theme.swift */,
				FFCEA72BA23BCB58E4E86912 /* World.swift */,
			);
			path = Sources;
			sourceTree = "<group>";
		};
/* End PBXGroup section */

/* Begin PBXNativeTarget section */
		BF23C41521A8F281AB0F6436 /* StarcapCircuit */ = {
			isa = PBXNativeTarget;
			buildConfigurationList = 03611D302E84862D7393C6AF /* Build configuration list for PBXNativeTarget "StarcapCircuit" */;
			buildPhases = (
				CA55D231E41C95999BA55E76 /* Sources */,
			);
			buildRules = (
			);
			dependencies = (
			);
			name = StarcapCircuit;
			packageProductDependencies = (
			);
			productName = StarcapCircuit;
			productReference = F1C8C920C8D78B76EB48DA7B /* StarcapCircuit.app */;
			productType = "com.apple.product-type.application";
		};
/* End PBXNativeTarget section */

/* Begin PBXProject section */
		2AF2F84B2B54042E939368CB /* Project object */ = {
			isa = PBXProject;
			attributes = {
				BuildIndependentTargetsInParallel = YES;
				LastUpgradeCheck = 1430;
				TargetAttributes = {
				};
			};
			buildConfigurationList = 1D2FADFD27CD58747EECE12F /* Build configuration list for PBXProject "StarcapCircuit" */;
			developmentRegion = en;
			hasScannedForEncodings = 0;
			knownRegions = (
				Base,
				en,
			);
			mainGroup = 38BE71DB8046608F85DF0681;
			minimizedProjectReferenceProxies = 1;
			preferredProjectObjectVersion = 77;
			productRefGroup = 0B0251ABA5499E953F626AF3 /* Products */;
			projectDirPath = "";
			projectRoot = "";
			targets = (
				BF23C41521A8F281AB0F6436 /* StarcapCircuit */,
			);
		};
/* End PBXProject section */

/* Begin PBXSourcesBuildPhase section */
		CA55D231E41C95999BA55E76 /* Sources */ = {
			isa = PBXSourcesBuildPhase;
			buildActionMask = 2147483647;
			files = (
				229595EB7369F8EE19EEF77E /* App.swift in Sources */,
				C026F22476D8CD4856845789 /* Audio.swift in Sources */,
				87AAA41A20EBAC880A9FBEFD /* Garage.swift in Sources */,
				6D599CF24D5B650BEDDCEB00 /* HUD.swift in Sources */,
				4A41632F011D9F217EBA2D5C /* Models.swift in Sources */,
				B994991AAB82AE590C05D830 /* Results.swift in Sources */,
				FFE74FAEC77D981404E6FFD4 /* Theme.swift in Sources */,
				C6EC10C0D15F4393221EC8BF /* World.swift in Sources */,
			);
			runOnlyForDeploymentPostprocessing = 0;
		};
/* End PBXSourcesBuildPhase section */

/* Begin XCBuildConfiguration section */
		94DFC3E52529472491BD14AC /* Debug */ = {
			isa = XCBuildConfiguration;
			buildSettings = {
				ASSETCATALOG_COMPILER_APPICON_NAME = AppIcon;
				CODE_SIGN_IDENTITY = "iPhone Developer";
				GENERATE_INFOPLIST_FILE = NO;
				INFOPLIST_FILE = Info.plist;
				LD_RUNPATH_SEARCH_PATHS = (
					"$(inherited)",
					"@executable_path/Frameworks",
				);
				PRODUCT_NAME = StarcapCircuit;
				SDKROOT = iphoneos;
				TARGETED_DEVICE_FAMILY = "1,2";
			};
			name = Debug;
		};
		95833D1B79936DE9C4BD5583 /* Debug */ = {
			isa = XCBuildConfiguration;
			buildSettings = {
				ALWAYS_SEARCH_USER_PATHS = NO;
				CLANG_ANALYZER_NONNULL = YES;
				CLANG_ANALYZER_NUMBER_OBJECT_CONVERSION = YES_AGGRESSIVE;
				CLANG_CXX_LANGUAGE_STANDARD = "gnu++14";
				CLANG_CXX_LIBRARY = "libc++";
				CLANG_ENABLE_MODULES = YES;
				CLANG_ENABLE_OBJC_ARC = YES;
				CLANG_ENABLE_OBJC_WEAK = YES;
				CLANG_WARN_BLOCK_CAPTURE_AUTORELEASING = YES;
				CLANG_WARN_BOOL_CONVERSION = YES;
				CLANG_WARN_COMMA = YES;
				CLANG_WARN_CONSTANT_CONVERSION = YES;
				CLANG_WARN_DEPRECATED_OBJC_IMPLEMENTATIONS = YES;
				CLANG_WARN_DIRECT_OBJC_ISA_USAGE = YES_ERROR;
				CLANG_WARN_DOCUMENTATION_COMMENTS = YES;
				CLANG_WARN_EMPTY_BODY = YES;
				CLANG_WARN_ENUM_CONVERSION = YES;
				CLANG_WARN_INFINITE_RECURSION = YES;
				CLANG_WARN_INT_CONVERSION = YES;
				CLANG_WARN_NON_LITERAL_NULL_CONVERSION = YES;
				CLANG_WARN_OBJC_IMPLICIT_RETAIN_SELF = YES;
				CLANG_WARN_OBJC_LITERAL_CONVERSION = YES;
				CLANG_WARN_OBJC_ROOT_CLASS = YES_ERROR;
				CLANG_WARN_QUOTED_INCLUDE_IN_FRAMEWORK_HEADER = YES;
				CLANG_WARN_RANGE_LOOP_ANALYSIS = YES;
				CLANG_WARN_STRICT_PROTOTYPES = YES;
				CLANG_WARN_SUSPICIOUS_MOVE = YES;
				CLANG_WARN_UNGUARDED_AVAILABILITY = YES_AGGRESSIVE;
				CLANG_WARN_UNREACHABLE_CODE = YES;
				CLANG_WARN__DUPLICATE_METHOD_MATCH = YES;
				CODE_SIGNING_ALLOWED = NO;
				COPY_PHASE_STRIP = NO;
				DEBUG_INFORMATION_FORMAT = dwarf;
				ENABLE_STRICT_OBJC_MSGSEND = YES;
				ENABLE_TESTABILITY = YES;
				GCC_C_LANGUAGE_STANDARD = gnu11;
				GCC_DYNAMIC_NO_PIC = NO;
				GCC_NO_COMMON_BLOCKS = YES;
				GCC_OPTIMIZATION_LEVEL = 0;
				GCC_PREPROCESSOR_DEFINITIONS = (
					"$(inherited)",
					"DEBUG=1",
				);
				GCC_WARN_64_TO_32_BIT_CONVERSION = YES;
				GCC_WARN_ABOUT_RETURN_TYPE = YES_ERROR;
				GCC_WARN_UNDECLARED_SELECTOR = YES;
				GCC_WARN_UNINITIALIZED_AUTOS = YES_AGGRESSIVE;
				GCC_WARN_UNUSED_FUNCTION = YES;
				GCC_WARN_UNUSED_VARIABLE = YES;
				IPHONEOS_DEPLOYMENT_TARGET = 17.0;
				MTL_ENABLE_DEBUG_INFO = INCLUDE_SOURCE;
				MTL_FAST_MATH = YES;
				ONLY_ACTIVE_ARCH = YES;
				PRODUCT_BUNDLE_IDENTIFIER = com.dabit.starcapcircuit;
				PRODUCT_NAME = "$(TARGET_NAME)";
				SDKROOT = iphoneos;
				SWIFT_ACTIVE_COMPILATION_CONDITIONS = DEBUG;
				SWIFT_OPTIMIZATION_LEVEL = "-Onone";
				SWIFT_VERSION = 5.0;
				TARGETED_DEVICE_FAMILY = "1,2";
			};
			name = Debug;
		};
		D0BC72D163C37DD1D289CA39 /* Release */ = {
			isa = XCBuildConfiguration;
			buildSettings = {
				ALWAYS_SEARCH_USER_PATHS = NO;
				CLANG_ANALYZER_NONNULL = YES;
				CLANG_ANALYZER_NUMBER_OBJECT_CONVERSION = YES_AGGRESSIVE;
				CLANG_CXX_LANGUAGE_STANDARD = "gnu++14";
				CLANG_CXX_LIBRARY = "libc++";
				CLANG_ENABLE_MODULES = YES;
				CLANG_ENABLE_OBJC_ARC = YES;
				CLANG_ENABLE_OBJC_WEAK = YES;
				CLANG_WARN_BLOCK_CAPTURE_AUTORELEASING = YES;
				CLANG_WARN_BOOL_CONVERSION = YES;
				CLANG_WARN_COMMA = YES;
				CLANG_WARN_CONSTANT_CONVERSION = YES;
				CLANG_WARN_DEPRECATED_OBJC_IMPLEMENTATIONS = YES;
				CLANG_WARN_DIRECT_OBJC_ISA_USAGE = YES_ERROR;
				CLANG_WARN_DOCUMENTATION_COMMENTS = YES;
				CLANG_WARN_EMPTY_BODY = YES;
				CLANG_WARN_ENUM_CONVERSION = YES;
				CLANG_WARN_INFINITE_RECURSION = YES;
				CLANG_WARN_INT_CONVERSION = YES;
				CLANG_WARN_NON_LITERAL_NULL_CONVERSION = YES;
				CLANG_WARN_OBJC_IMPLICIT_RETAIN_SELF = YES;
				CLANG_WARN_OBJC_LITERAL_CONVERSION = YES;
				CLANG_WARN_OBJC_ROOT_CLASS = YES_ERROR;
				CLANG_WARN_QUOTED_INCLUDE_IN_FRAMEWORK_HEADER = YES;
				CLANG_WARN_RANGE_LOOP_ANALYSIS = YES;
				CLANG_WARN_STRICT_PROTOTYPES = YES;
				CLANG_WARN_SUSPICIOUS_MOVE = YES;
				CLANG_WARN_UNGUARDED_AVAILABILITY = YES_AGGRESSIVE;
				CLANG_WARN_UNREACHABLE_CODE = YES;
				CLANG_WARN__DUPLICATE_METHOD_MATCH = YES;
				CODE_SIGNING_ALLOWED = NO;
				COPY_PHASE_STRIP = NO;
				DEBUG_INFORMATION_FORMAT = "dwarf-with-dsym";
				ENABLE_NS_ASSERTIONS = NO;
				ENABLE_STRICT_OBJC_MSGSEND = YES;
				GCC_C_LANGUAGE_STANDARD = gnu11;
				GCC_NO_COMMON_BLOCKS = YES;
				GCC_WARN_64_TO_32_BIT_CONVERSION = YES;
				GCC_WARN_ABOUT_RETURN_TYPE = YES_ERROR;
				GCC_WARN_UNDECLARED_SELECTOR = YES;
				GCC_WARN_UNINITIALIZED_AUTOS = YES_AGGRESSIVE;
				GCC_WARN_UNUSED_FUNCTION = YES;
				GCC_WARN_UNUSED_VARIABLE = YES;
				IPHONEOS_DEPLOYMENT_TARGET = 17.0;
				MTL_ENABLE_DEBUG_INFO = NO;
				MTL_FAST_MATH = YES;
				PRODUCT_BUNDLE_IDENTIFIER = com.dabit.starcapcircuit;
				PRODUCT_NAME = "$(TARGET_NAME)";
				SDKROOT = iphoneos;
				SWIFT_COMPILATION_MODE = wholemodule;
				SWIFT_OPTIMIZATION_LEVEL = "-O";
				SWIFT_VERSION = 5.0;
				TARGETED_DEVICE_FAMILY = "1,2";
			};
			name = Release;
		};
		D88C1C353B2FFB8ACEF69832 /* Release */ = {
			isa = XCBuildConfiguration;
			buildSettings = {
				ASSETCATALOG_COMPILER_APPICON_NAME = AppIcon;
				CODE_SIGN_IDENTITY = "iPhone Developer";
				GENERATE_INFOPLIST_FILE = NO;
				INFOPLIST_FILE = Info.plist;
				LD_RUNPATH_SEARCH_PATHS = (
					"$(inherited)",
					"@executable_path/Frameworks",
				);
				PRODUCT_NAME = StarcapCircuit;
				SDKROOT = iphoneos;
				TARGETED_DEVICE_FAMILY = "1,2";
			};
			name = Release;
		};
/* End XCBuildConfiguration section */

/* Begin XCConfigurationList section */
		03611D302E84862D7393C6AF /* Build configuration list for PBXNativeTarget "StarcapCircuit" */ = {
			isa = XCConfigurationList;
			buildConfigurations = (
				94DFC3E52529472491BD14AC /* Debug */,
				D88C1C353B2FFB8ACEF69832 /* Release */,
			);
			defaultConfigurationIsVisible = 0;
			defaultConfigurationName = Debug;
		};
		1D2FADFD27CD58747EECE12F /* Build configuration list for PBXProject "StarcapCircuit" */ = {
			isa = XCConfigurationList;
			buildConfigurations = (
				95833D1B79936DE9C4BD5583 /* Debug */,
				D0BC72D163C37DD1D289CA39 /* Release */,
			);
			defaultConfigurationIsVisible = 0;
			defaultConfigurationName = Debug;
		};
/* End XCConfigurationList section */
	};
	rootObject = 2AF2F84B2B54042E939368CB /* Project object */;
}
