// !$*UTF8*$!
{
	archiveVersion = 1;
	classes = {};
	objectVersion = 77;
	objects = {
		A10000000000000000000001 = {isa = PBXProject; attributes = {BuildIndependentTargetsInParallel = YES; LastUpgradeCheck = 2660; TargetAttributes = {A10000000000000000000002 = {CreatedOnToolsVersion = 26.6; }; }; }; buildConfigurationList = A10000000000000000000003; compatibilityVersion = "Xcode 16.0"; developmentRegion = en; hasScannedForEncodings = 0; knownRegions = (en, Base); mainGroup = A10000000000000000000004; preferredProjectObjectVersion = 77; productRefGroup = A10000000000000000000005; projectDirPath = ""; projectRoot = ""; targets = (A10000000000000000000002); };
		A10000000000000000000002 = {isa = PBXNativeTarget; buildConfigurationList = A10000000000000000000006; buildPhases = (A10000000000000000000007, A10000000000000000000008, A10000000000000000000009); buildRules = (); dependencies = (); fileSystemSynchronizedGroups = (A10000000000000000000010); name = Tidepool; packageProductDependencies = (); productName = Tidepool; productReference = A10000000000000000000011; productType = "com.apple.product-type.application"; };
		A10000000000000000000003 = {isa = XCConfigurationList; buildConfigurations = (A10000000000000000000012, A10000000000000000000013); defaultConfigurationIsVisible = 0; defaultConfigurationName = Release; };
		A10000000000000000000004 = {isa = PBXGroup; children = (A10000000000000000000010, A10000000000000000000005); sourceTree = "<group>"; };
		A10000000000000000000005 = {isa = PBXGroup; children = (A10000000000000000000011); name = Products; sourceTree = "<group>"; };
		A10000000000000000000006 = {isa = XCConfigurationList; buildConfigurations = (A10000000000000000000014, A10000000000000000000015); defaultConfigurationIsVisible = 0; defaultConfigurationName = Release; };
		A10000000000000000000007 = {isa = PBXSourcesBuildPhase; buildActionMask = 2147483647; files = (); runOnlyForDeploymentPostprocessing = 0; };
		A10000000000000000000008 = {isa = PBXFrameworksBuildPhase; buildActionMask = 2147483647; files = (); runOnlyForDeploymentPostprocessing = 0; };
		A10000000000000000000009 = {isa = PBXResourcesBuildPhase; buildActionMask = 2147483647; files = (); runOnlyForDeploymentPostprocessing = 0; };
		A10000000000000000000010 = {isa = PBXFileSystemSynchronizedRootGroup; path = Sources; sourceTree = "<group>"; };
		A10000000000000000000011 = {isa = PBXFileReference; explicitFileType = wrapper.application; includeInIndex = 0; path = Tidepool.app; sourceTree = BUILT_PRODUCTS_DIR; };
		A10000000000000000000012 = {isa = XCBuildConfiguration; buildSettings = {CLANG_ENABLE_MODULES = YES; SDKROOT = iphoneos; IPHONEOS_DEPLOYMENT_TARGET = 17.0; SWIFT_VERSION = 5.0; SWIFT_OPTIMIZATION_LEVEL = "-Onone"; DEBUG_INFORMATION_FORMAT = dwarf; }; name = Debug; };
		A10000000000000000000013 = {isa = XCBuildConfiguration; buildSettings = {CLANG_ENABLE_MODULES = YES; SDKROOT = iphoneos; IPHONEOS_DEPLOYMENT_TARGET = 17.0; SWIFT_VERSION = 5.0; SWIFT_COMPILATION_MODE = wholemodule; }; name = Release; };
		A10000000000000000000014 = {isa = XCBuildConfiguration; buildSettings = {PRODUCT_BUNDLE_IDENTIFIER = com.nader.tidepool; PRODUCT_NAME = "$(TARGET_NAME)"; GENERATE_INFOPLIST_FILE = YES; INFOPLIST_KEY_CFBundleDisplayName = Tidepool; INFOPLIST_KEY_UILaunchScreen_Generation = YES; INFOPLIST_KEY_UIApplicationSceneManifest_Generation = YES; INFOPLIST_KEY_UISupportedInterfaceOrientations = UIInterfaceOrientationPortrait; TARGETED_DEVICE_FAMILY = 1; SUPPORTED_PLATFORMS = "iphoneos iphonesimulator"; CODE_SIGNING_ALLOWED = NO; MARKETING_VERSION = 1.0; CURRENT_PROJECT_VERSION = 1; SWIFT_EMIT_LOC_STRINGS = YES; ENABLE_USER_SCRIPT_SANDBOXING = YES; }; name = Debug; };
		A10000000000000000000015 = {isa = XCBuildConfiguration; buildSettings = {PRODUCT_BUNDLE_IDENTIFIER = com.nader.tidepool; PRODUCT_NAME = "$(TARGET_NAME)"; GENERATE_INFOPLIST_FILE = YES; INFOPLIST_KEY_CFBundleDisplayName = Tidepool; INFOPLIST_KEY_UILaunchScreen_Generation = YES; INFOPLIST_KEY_UIApplicationSceneManifest_Generation = YES; INFOPLIST_KEY_UISupportedInterfaceOrientations = UIInterfaceOrientationPortrait; TARGETED_DEVICE_FAMILY = 1; SUPPORTED_PLATFORMS = "iphoneos iphonesimulator"; CODE_SIGNING_ALLOWED = NO; MARKETING_VERSION = 1.0; CURRENT_PROJECT_VERSION = 1; SWIFT_EMIT_LOC_STRINGS = YES; ENABLE_USER_SCRIPT_SANDBOXING = YES; }; name = Release; };
	};
	rootObject = A10000000000000000000001;
}
